
Microsoft Visual Studio Solution File, Format Version 12.00
# Visual Studio Version 17
VisualStudioVersion = 17.7.34031.279
MinimumVisualStudioVersion = 10.0.40219.1
Project("{FAE04EC0-301F-11D3-BF4B-00C04F79EFBC}") = "Shooting Range", "Shooting Range\Shooting Range.csproj", "{F1BD3E17-A05A-4516-AA2D-105EB17ADD7A}"
EndProject
Global
	GlobalSection(SolutionConfigurationPlatforms) = preSolution
		Debug|Any CPU = Debug|Any CPU
		Release|Any CPU = Release|Any CPU
	EndGlobalSection
	GlobalSection(ProjectConfigurationPlatforms) = postSolution
		{F1BD3E17-A05A-4516-AA2D-105EB17ADD7A}.Debug|Any CPU.ActiveCfg = Debug|Any CPU
		{F1BD3E17-A05A-4516-AA2D-105EB17ADD7A}.Debug|Any CPU.Build.0 = Debug|Any CPU
		{F1BD3E17-A05A-4516-AA2D-105EB17ADD7A}.Release|Any CPU.ActiveCfg = Release|Any CPU
		{F1BD3E17-A05A-4516-AA2D-105EB17ADD7A}.Release|Any CPU.Build.0 = Release|Any CPU
	EndGlobalSection
	GlobalSection(SolutionProperties) = preSolution
		HideSolutionNode = FALSE
	EndGlobalSection
	GlobalSection(ExtensibilityGlobals) = postSolution
		SolutionGuid = {C92580FF-02B7-427C-BA7F-B67C631D9BCB}
	EndGlobalSection
EndGlobal
